// !$*UTF8*$!
{
	archiveVersion = 1;
	classes = {
	};
	objectVersion = 46;
	objects = {

/* Begin PBXBuildFile section */
		150458301412B362007DC112 /* ILBinding.h in Headers */ = {isa = PBXBuildFile; fileRef = 1504582E1412B362007DC112 /* ILBinding.h */; };
		150458311412B362007DC112 /* ILBinding.m in Sources */ = {isa = PBXBuildFile; fileRef = 1504582F1412B362007DC112 /* ILBinding.m */; };
		151265BA1413918A00396CFB /* SenTestingKit.framework in Frameworks */ = {isa = PBXBuildFile; fileRef = 151265B91413918A00396CFB /* SenTestingKit.framework */; };
		151265BC1413918A00396CFB /* UIKit.framework in Frameworks */ = {isa = PBXBuildFile; fileRef = 151265BB1413918A00396CFB /* UIKit.framework */; };
		151265BD1413918A00396CFB /* Foundation.framework in Frameworks */ = {isa = PBXBuildFile; fileRef = 157B5FEC1412B2E500756425 /* Foundation.framework */; };
		151265C31413918A00396CFB /* InfoPlist.strings in Resources */ = {isa = PBXBuildFile; fileRef = 151265C11413918A00396CFB /* InfoPlist.strings */; };
		151265C61413918A00396CFB /* BindingTests.m in Sources */ = {isa = PBXBuildFile; fileRef = 151265C51413918A00396CFB /* BindingTests.m */; };
		151265CC1413920000396CFB /* libBinding.a in Frameworks */ = {isa = PBXBuildFile; fileRef = 157B5FE91412B2E500756425 /* libBinding.a */; };
		1551416714160238007CA046 /* ILBindingDefinition.h in Headers */ = {isa = PBXBuildFile; fileRef = 1551416514160238007CA046 /* ILBindingDefinition.h */; };
		1551416814160238007CA046 /* ILBindingDefinition.m in Sources */ = {isa = PBXBuildFile; fileRef = 1551416614160238007CA046 /* ILBindingDefinition.m */; };
		1551416C141619D5007CA046 /* ILBindingDefinition+ILBindingsLoadingMany.h in Headers */ = {isa = PBXBuildFile; fileRef = 1551416A141619D5007CA046 /* ILBindingDefinition+ILBindingsLoadingMany.h */; };
		1551416D141619D5007CA046 /* ILBindingDefinition+ILBindingsLoadingMany.m in Sources */ = {isa = PBXBuildFile; fileRef = 1551416B141619D5007CA046 /* ILBindingDefinition+ILBindingsLoadingMany.m */; };
		1551417014161C68007CA046 /* ILBindingsSet.h in Headers */ = {isa = PBXBuildFile; fileRef = 1551416E14161C68007CA046 /* ILBindingsSet.h */; };
		1551417114161C68007CA046 /* ILBindingsSet.m in Sources */ = {isa = PBXBuildFile; fileRef = 1551416F14161C68007CA046 /* ILBindingsSet.m */; };
		155141AF14164EF3007CA046 /* ILBinding.m in Sources */ = {isa = PBXBuildFile; fileRef = 1504582F1412B362007DC112 /* ILBinding.m */; };
		155141B014164EF3007CA046 /* ILBindingOptions.m in Sources */ = {isa = PBXBuildFile; fileRef = 155E879114141B4C003E951B /* ILBindingOptions.m */; };
		155141B114164EF3007CA046 /* ILBindingDefinition.m in Sources */ = {isa = PBXBuildFile; fileRef = 1551416614160238007CA046 /* ILBindingDefinition.m */; };
		155141B214164EF3007CA046 /* ILBindingDefinition+ILBindingsLoadingMany.m in Sources */ = {isa = PBXBuildFile; fileRef = 1551416B141619D5007CA046 /* ILBindingDefinition+ILBindingsLoadingMany.m */; };
		155141B314164EF3007CA046 /* ILBindingsSet.m in Sources */ = {isa = PBXBuildFile; fileRef = 1551416F14161C68007CA046 /* ILBindingsSet.m */; };
		155141B514164EF3007CA046 /* Foundation.framework in Frameworks */ = {isa = PBXBuildFile; fileRef = 157B5FEC1412B2E500756425 /* Foundation.framework */; };
		155141B714164EF3007CA046 /* ILBinding.h in Headers */ = {isa = PBXBuildFile; fileRef = 1504582E1412B362007DC112 /* ILBinding.h */; };
		155141B814164EF3007CA046 /* ILBindingOptions.h in Headers */ = {isa = PBXBuildFile; fileRef = 155E879014141B4C003E951B /* ILBindingOptions.h */; };
		155141B914164EF3007CA046 /* ILBindingDefinition.h in Headers */ = {isa = PBXBuildFile; fileRef = 1551416514160238007CA046 /* ILBindingDefinition.h */; };
		155141BA14164EF3007CA046 /* ILBindingDefinition+ILBindingsLoadingMany.h in Headers */ = {isa = PBXBuildFile; fileRef = 1551416A141619D5007CA046 /* ILBindingDefinition+ILBindingsLoadingMany.h */; };
		155141BB14164EF3007CA046 /* ILBindingsSet.h in Headers */ = {isa = PBXBuildFile; fileRef = 1551416E14161C68007CA046 /* ILBindingsSet.h */; };
		155E879214141B4C003E951B /* ILBindingOptions.h in Headers */ = {isa = PBXBuildFile; fileRef = 155E879014141B4C003E951B /* ILBindingOptions.h */; };
		155E879314141B4C003E951B /* ILBindingOptions.m in Sources */ = {isa = PBXBuildFile; fileRef = 155E879114141B4C003E951B /* ILBindingOptions.m */; };
		157B5FED1412B2E500756425 /* Foundation.framework in Frameworks */ = {isa = PBXBuildFile; fileRef = 157B5FEC1412B2E500756425 /* Foundation.framework */; };
		15D4D9601417C2650077DF6E /* ILBindableTableDataSource.h in Headers */ = {isa = PBXBuildFile; fileRef = 15D4D95E1417C2650077DF6E /* ILBindableTableDataSource.h */; };
		15D4D9611417C2650077DF6E /* ILBindableTableDataSource.m in Sources */ = {isa = PBXBuildFile; fileRef = 15D4D95F1417C2650077DF6E /* ILBindableTableDataSource.m */; };
/* End PBXBuildFile section */

/* Begin PBXFileReference section */
		1504582E1412B362007DC112 /* ILBinding.h */ = {isa = PBXFileReference; fileEncoding = 4; lastKnownFileType = sourcecode.c.h; path = ILBinding.h; sourceTree = "<group>"; };
		1504582F1412B362007DC112 /* ILBinding.m */ = {isa = PBXFileReference; fileEncoding = 4; lastKnownFileType = sourcecode.c.objc; path = ILBinding.m; sourceTree = "<group>"; };
		151265B81413918A00396CFB /* BindingTests.octest */ = {isa = PBXFileReference; explicitFileType = wrapper.cfbundle; includeInIndex = 0; path = BindingTests.octest; sourceTree = BUILT_PRODUCTS_DIR; };
		151265B91413918A00396CFB /* SenTestingKit.framework */ = {isa = PBXFileReference; lastKnownFileType = wrapper.framework; name = SenTestingKit.framework; path = Library/Frameworks/SenTestingKit.framework; sourceTree = DEVELOPER_DIR; };
		151265BB1413918A00396CFB /* UIKit.framework */ = {isa = PBXFileReference; lastKnownFileType = wrapper.framework; name = UIKit.framework; path = Library/Frameworks/UIKit.framework; sourceTree = DEVELOPER_DIR; };
		151265C01413918A00396CFB /* BindingTests-Info.plist */ = {isa = PBXFileReference; lastKnownFileType = text.plist.xml; path = "BindingTests-Info.plist"; sourceTree = "<group>"; };
		151265C21413918A00396CFB /* en */ = {isa = PBXFileReference; lastKnownFileType = text.plist.strings; name = en; path = en.lproj/InfoPlist.strings; sourceTree = "<group>"; };
		151265C41413918A00396CFB /* BindingTests.h */ = {isa = PBXFileReference; lastKnownFileType = sourcecode.c.h; path = BindingTests.h; sourceTree = "<group>"; };
		151265C51413918A00396CFB /* BindingTests.m */ = {isa = PBXFileReference; lastKnownFileType = sourcecode.c.objc; path = BindingTests.m; sourceTree = "<group>"; };
		151265C71413918A00396CFB /* BindingTests-Prefix.pch */ = {isa = PBXFileReference; lastKnownFileType = sourcecode.c.h; path = "BindingTests-Prefix.pch"; sourceTree = "<group>"; };
		1551416514160238007CA046 /* ILBindingDefinition.h */ = {isa = PBXFileReference; fileEncoding = 4; lastKnownFileType = sourcecode.c.h; path = ILBindingDefinition.h; sourceTree = "<group>"; };
		1551416614160238007CA046 /* ILBindingDefinition.m */ = {isa = PBXFileReference; fileEncoding = 4; lastKnownFileType = sourcecode.c.objc; path = ILBindingDefinition.m; sourceTree = "<group>"; };
		1551416A141619D5007CA046 /* ILBindingDefinition+ILBindingsLoadingMany.h */ = {isa = PBXFileReference; fileEncoding = 4; lastKnownFileType = sourcecode.c.h; path = "ILBindingDefinition+ILBindingsLoadingMany.h"; sourceTree = "<group>"; };
		1551416B141619D5007CA046 /* ILBindingDefinition+ILBindingsLoadingMany.m */ = {isa = PBXFileReference; fileEncoding = 4; lastKnownFileType = sourcecode.c.objc; path = "ILBindingDefinition+ILBindingsLoadingMany.m"; sourceTree = "<group>"; };
		1551416E14161C68007CA046 /* ILBindingsSet.h */ = {isa = PBXFileReference; fileEncoding = 4; lastKnownFileType = sourcecode.c.h; path = ILBindingsSet.h; sourceTree = "<group>"; };
		1551416F14161C68007CA046 /* ILBindingsSet.m */ = {isa = PBXFileReference; fileEncoding = 4; lastKnownFileType = sourcecode.c.objc; path = ILBindingsSet.m; sourceTree = "<group>"; };
		155141BF14164EF3007CA046 /* libBinding-Mac.a */ = {isa = PBXFileReference; explicitFileType = archive.ar; includeInIndex = 0; path = "libBinding-Mac.a"; sourceTree = BUILT_PRODUCTS_DIR; };
		155E879014141B4C003E951B /* ILBindingOptions.h */ = {isa = PBXFileReference; fileEncoding = 4; lastKnownFileType = sourcecode.c.h; path = ILBindingOptions.h; sourceTree = "<group>"; };
		155E879114141B4C003E951B /* ILBindingOptions.m */ = {isa = PBXFileReference; fileEncoding = 4; lastKnownFileType = sourcecode.c.objc; path = ILBindingOptions.m; sourceTree = "<group>"; };
		157B5FE91412B2E500756425 /* libBinding.a */ = {isa = PBXFileReference; explicitFileType = archive.ar; includeInIndex = 0; path = libBinding.a; sourceTree = BUILT_PRODUCTS_DIR; };
		157B5FEC1412B2E500756425 /* Foundation.framework */ = {isa = PBXFileReference; lastKnownFileType = wrapper.framework; name = Foundation.framework; path = System/Library/Frameworks/Foundation.framework; sourceTree = SDKROOT; };
		157B5FF01412B2E500756425 /* Binding-Prefix.pch */ = {isa = PBXFileReference; lastKnownFileType = sourcecode.c.h; path = "Binding-Prefix.pch"; sourceTree = "<group>"; };
		15D4D95E1417C2650077DF6E /* ILBindableTableDataSource.h */ = {isa = PBXFileReference; fileEncoding = 4; lastKnownFileType = sourcecode.c.h; path = ILBindableTableDataSource.h; sourceTree = "<group>"; };
		15D4D95F1417C2650077DF6E /* ILBindableTableDataSource.m */ = {isa = PBXFileReference; fileEncoding = 4; lastKnownFileType = sourcecode.c.objc; path = ILBindableTableDataSource.m; sourceTree = "<group>"; };
/* End PBXFileReference section */

/* Begin PBXFrameworksBuildPhase section */
		151265B41413918A00396CFB /* Frameworks */ = {
			isa = PBXFrameworksBuildPhase;
			buildActionMask = 2147483647;
			files = (
				151265CC1413920000396CFB /* libBinding.a in Frameworks */,
				151265BA1413918A00396CFB /* SenTestingKit.framework in Frameworks */,
				151265BC1413918A00396CFB /* UIKit.framework in Frameworks */,
				151265BD1413918A00396CFB /* Foundation.framework in Frameworks */,
			);
			runOnlyForDeploymentPostprocessing = 0;
		};
		155141B414164EF3007CA046 /* Frameworks */ = {
			isa = PBXFrameworksBuildPhase;
			buildActionMask = 2147483647;
			files = (
				155141B514164EF3007CA046 /* Foundation.framework in Frameworks */,
			);
			runOnlyForDeploymentPostprocessing = 0;
		};
		157B5FE61412B2E500756425 /* Frameworks */ = {
			isa = PBXFrameworksBuildPhase;
			buildActionMask = 2147483647;
			files = (
				157B5FED1412B2E500756425 /* Foundation.framework in Frameworks */,
			);
			runOnlyForDeploymentPostprocessing = 0;
		};
/* End PBXFrameworksBuildPhase section */

/* Begin PBXGroup section */
		151265BE1413918A00396CFB /* BindingTests */ = {
			isa = PBXGroup;
			children = (
				151265C41413918A00396CFB /* BindingTests.h */,
				151265C51413918A00396CFB /* BindingTests.m */,
				151265BF1413918A00396CFB /* Supporting Files */,
			);
			path = BindingTests;
			sourceTree = "<group>";
		};
		151265BF1413918A00396CFB /* Supporting Files */ = {
			isa = PBXGroup;
			children = (
				151265C01413918A00396CFB /* BindingTests-Info.plist */,
				151265C11413918A00396CFB /* InfoPlist.strings */,
				151265C71413918A00396CFB /* BindingTests-Prefix.pch */,
			);
			name = "Supporting Files";
			sourceTree = "<group>";
		};
		157B5FDE1412B2E500756425 = {
			isa = PBXGroup;
			children = (
				157B5FEE1412B2E500756425 /* Binding */,
				151265BE1413918A00396CFB /* BindingTests */,
				157B5FEB1412B2E500756425 /* Frameworks */,
				157B5FEA1412B2E500756425 /* Products */,
			);
			sourceTree = "<group>";
		};
		157B5FEA1412B2E500756425 /* Products */ = {
			isa = PBXGroup;
			children = (
				157B5FE91412B2E500756425 /* libBinding.a */,
				151265B81413918A00396CFB /* BindingTests.octest */,
				155141BF14164EF3007CA046 /* libBinding-Mac.a */,
			);
			name = Products;
			sourceTree = "<group>";
		};
		157B5FEB1412B2E500756425 /* Frameworks */ = {
			isa = PBXGroup;
			children = (
				157B5FEC1412B2E500756425 /* Foundation.framework */,
				151265B91413918A00396CFB /* SenTestingKit.framework */,
				151265BB1413918A00396CFB /* UIKit.framework */,
			);
			name = Frameworks;
			sourceTree = "<group>";
		};
		157B5FEE1412B2E500756425 /* Binding */ = {
			isa = PBXGroup;
			children = (
				157B5FEF1412B2E500756425 /* Supporting Files */,
				1504582E1412B362007DC112 /* ILBinding.h */,
				1504582F1412B362007DC112 /* ILBinding.m */,
				155E879014141B4C003E951B /* ILBindingOptions.h */,
				155E879114141B4C003E951B /* ILBindingOptions.m */,
				1551416514160238007CA046 /* ILBindingDefinition.h */,
				1551416614160238007CA046 /* ILBindingDefinition.m */,
				1551416A141619D5007CA046 /* ILBindingDefinition+ILBindingsLoadingMany.h */,
				1551416B141619D5007CA046 /* ILBindingDefinition+ILBindingsLoadingMany.m */,
				1551416E14161C68007CA046 /* ILBindingsSet.h */,
				1551416F14161C68007CA046 /* ILBindingsSet.m */,
				15D4D95E1417C2650077DF6E /* ILBindableTableDataSource.h */,
				15D4D95F1417C2650077DF6E /* ILBindableTableDataSource.m */,
			);
			path = Binding;
			sourceTree = "<group>";
		};
		157B5FEF1412B2E500756425 /* Supporting Files */ = {
			isa = PBXGroup;
			children = (
				157B5FF01412B2E500756425 /* Binding-Prefix.pch */,
			);
			name = "Supporting Files";
			sourceTree = "<group>";
		};
/* End PBXGroup section */

/* Begin PBXHeadersBuildPhase section */
		155141B614164EF3007CA046 /* Headers */ = {
			isa = PBXHeadersBuildPhase;
			buildActionMask = 2147483647;
			files = (
				155141B714164EF3007CA046 /* ILBinding.h in Headers */,
				155141B814164EF3007CA046 /* ILBindingOptions.h in Headers */,
				155141B914164EF3007CA046 /* ILBindingDefinition.h in Headers */,
				155141BA14164EF3007CA046 /* ILBindingDefinition+ILBindingsLoadingMany.h in Headers */,
				155141BB14164EF3007CA046 /* ILBindingsSet.h in Headers */,
			);
			runOnlyForDeploymentPostprocessing = 0;
		};
		157B5FE71412B2E500756425 /* Headers */ = {
			isa = PBXHeadersBuildPhase;
			buildActionMask = 2147483647;
			files = (
				150458301412B362007DC112 /* ILBinding.h in Headers */,
				155E879214141B4C003E951B /* ILBindingOptions.h in Headers */,
				1551416714160238007CA046 /* ILBindingDefinition.h in Headers */,
				1551416C141619D5007CA046 /* ILBindingDefinition+ILBindingsLoadingMany.h in Headers */,
				1551417014161C68007CA046 /* ILBindingsSet.h in Headers */,
				15D4D9601417C2650077DF6E /* ILBindableTableDataSource.h in Headers */,
			);
			runOnlyForDeploymentPostprocessing = 0;
		};
/* End PBXHeadersBuildPhase section */

/* Begin PBXNativeTarget section */
		151265B71413918A00396CFB /* BindingTests */ = {
			isa = PBXNativeTarget;
			buildConfigurationList = 151265CA1413918A00396CFB /* Build configuration list for PBXNativeTarget "BindingTests" */;
			buildPhases = (
				151265B31413918A00396CFB /* Sources */,
				151265B41413918A00396CFB /* Frameworks */,
				151265B51413918A00396CFB /* Resources */,
				151265B61413918A00396CFB /* ShellScript */,
			);
			buildRules = (
			);
			dependencies = (
			);
			name = BindingTests;
			productName = BindingTests;
			productReference = 151265B81413918A00396CFB /* BindingTests.octest */;
			productType = "com.apple.product-type.bundle";
		};
		155141AD14164EF3007CA046 /* Binding-Mac */ = {
			isa = PBXNativeTarget;
			buildConfigurationList = 155141BC14164EF3007CA046 /* Build configuration list for PBXNativeTarget "Binding-Mac" */;
			buildPhases = (
				155141AE14164EF3007CA046 /* Sources */,
				155141B414164EF3007CA046 /* Frameworks */,
				155141B614164EF3007CA046 /* Headers */,
			);
			buildRules = (
			);
			dependencies = (
			);
			name = "Binding-Mac";
			productName = Binding;
			productReference = 155141BF14164EF3007CA046 /* libBinding-Mac.a */;
			productType = "com.apple.product-type.library.static";
		};
		157B5FE81412B2E500756425 /* Binding */ = {
			isa = PBXNativeTarget;
			buildConfigurationList = 157B5FF61412B2E500756425 /* Build configuration list for PBXNativeTarget "Binding" */;
			buildPhases = (
				157B5FE51412B2E500756425 /* Sources */,
				157B5FE61412B2E500756425 /* Frameworks */,
				157B5FE71412B2E500756425 /* Headers */,
			);
			buildRules = (
			);
			dependencies = (
			);
			name = Binding;
			productName = Binding;
			productReference = 157B5FE91412B2E500756425 /* libBinding.a */;
			productType = "com.apple.product-type.library.static";
		};
/* End PBXNativeTarget section */

/* Begin PBXProject section */
		157B5FE01412B2E500756425 /* Project object */ = {
			isa = PBXProject;
			attributes = {
				LastUpgradeCheck = 0420;
			};
			buildConfigurationList = 157B5FE31412B2E500756425 /* Build configuration list for PBXProject "Binding" */;
			compatibilityVersion = "Xcode 3.2";
			developmentRegion = English;
			hasScannedForEncodings = 0;
			knownRegions = (
				en,
			);
			mainGroup = 157B5FDE1412B2E500756425;
			productRefGroup = 157B5FEA1412B2E500756425 /* Products */;
			projectDirPath = "";
			projectRoot = "";
			targets = (
				157B5FE81412B2E500756425 /* Binding */,
				151265B71413918A00396CFB /* BindingTests */,
				155141AD14164EF3007CA046 /* Binding-Mac */,
			);
		};
/* End PBXProject section */

/* Begin PBXResourcesBuildPhase section */
		151265B51413918A00396CFB /* Resources */ = {
			isa = PBXResourcesBuildPhase;
			buildActionMask = 2147483647;
			files = (
				151265C31413918A00396CFB /* InfoPlist.strings in Resources */,
			);
			runOnlyForDeploymentPostprocessing = 0;
		};
/* End PBXResourcesBuildPhase section */

/* Begin PBXShellScriptBuildPhase section */
		151265B61413918A00396CFB /* ShellScript */ = {
			isa = PBXShellScriptBuildPhase;
			buildActionMask = 2147483647;
			files = (
			);
			inputPaths = (
			);
			outputPaths = (
			);
			runOnlyForDeploymentPostprocessing = 0;
			shellPath = /bin/sh;
			shellScript = "# Run the unit tests in this test bundle.\n\"${SYSTEM_DEVELOPER_DIR}/Tools/RunUnitTests\"\n";
		};
/* End PBXShellScriptBuildPhase section */

/* Begin PBXSourcesBuildPhase section */
		151265B31413918A00396CFB /* Sources */ = {
			isa = PBXSourcesBuildPhase;
			buildActionMask = 2147483647;
			files = (
				151265C61413918A00396CFB /* BindingTests.m in Sources */,
			);
			runOnlyForDeploymentPostprocessing = 0;
		};
		155141AE14164EF3007CA046 /* Sources */ = {
			isa = PBXSourcesBuildPhase;
			buildActionMask = 2147483647;
			files = (
				155141AF14164EF3007CA046 /* ILBinding.m in Sources */,
				155141B014164EF3007CA046 /* ILBindingOptions.m in Sources */,
				155141B114164EF3007CA046 /* ILBindingDefinition.m in Sources */,
				155141B214164EF3007CA046 /* ILBindingDefinition+ILBindingsLoadingMany.m in Sources */,
				155141B314164EF3007CA046 /* ILBindingsSet.m in Sources */,
			);
			runOnlyForDeploymentPostprocessing = 0;
		};
		157B5FE51412B2E500756425 /* Sources */ = {
			isa = PBXSourcesBuildPhase;
			buildActionMask = 2147483647;
			files = (
				150458311412B362007DC112 /* ILBinding.m in Sources */,
				155E879314141B4C003E951B /* ILBindingOptions.m in Sources */,
				1551416814160238007CA046 /* ILBindingDefinition.m in Sources */,
				1551416D141619D5007CA046 /* ILBindingDefinition+ILBindingsLoadingMany.m in Sources */,
				1551417114161C68007CA046 /* ILBindingsSet.m in Sources */,
				15D4D9611417C2650077DF6E /* ILBindableTableDataSource.m in Sources */,
			);
			runOnlyForDeploymentPostprocessing = 0;
		};
/* End PBXSourcesBuildPhase section */

/* Begin PBXVariantGroup section */
		151265C11413918A00396CFB /* InfoPlist.strings */ = {
			isa = PBXVariantGroup;
			children = (
				151265C21413918A00396CFB /* en */,
			);
			name = InfoPlist.strings;
			sourceTree = "<group>";
		};
/* End PBXVariantGroup section */

/* Begin XCBuildConfiguration section */
		151265C81413918A00396CFB /* Debug */ = {
			isa = XCBuildConfiguration;
			buildSettings = {
				FRAMEWORK_SEARCH_PATHS = (
					"$(SDKROOT)/Developer/Library/Frameworks",
					"$(DEVELOPER_LIBRARY_DIR)/Frameworks",
				);
				GCC_PRECOMPILE_PREFIX_HEADER = YES;
				GCC_PREFIX_HEADER = "BindingTests/BindingTests-Prefix.pch";
				INFOPLIST_FILE = "BindingTests/BindingTests-Info.plist";
				IPHONEOS_DEPLOYMENT_TARGET = 5.0;
				PRODUCT_NAME = "$(TARGET_NAME)";
				WRAPPER_EXTENSION = octest;
			};
			name = Debug;
		};
		151265C91413918A00396CFB /* Release */ = {
			isa = XCBuildConfiguration;
			buildSettings = {
				FRAMEWORK_SEARCH_PATHS = (
					"$(SDKROOT)/Developer/Library/Frameworks",
					"$(DEVELOPER_LIBRARY_DIR)/Frameworks",
				);
				GCC_PRECOMPILE_PREFIX_HEADER = YES;
				GCC_PREFIX_HEADER = "BindingTests/BindingTests-Prefix.pch";
				INFOPLIST_FILE = "BindingTests/BindingTests-Info.plist";
				IPHONEOS_DEPLOYMENT_TARGET = 5.0;
				PRODUCT_NAME = "$(TARGET_NAME)";
				WRAPPER_EXTENSION = octest;
			};
			name = Release;
		};
		155141BD14164EF3007CA046 /* Debug */ = {
			isa = XCBuildConfiguration;
			buildSettings = {
				ARCHS = "$(ARCHS_STANDARD_64_BIT)";
				DSTROOT = /tmp/Binding.dst;
				GCC_ENABLE_OBJC_GC = supported;
				GCC_PRECOMPILE_PREFIX_HEADER = YES;
				GCC_PREFIX_HEADER = "Binding/Binding-Prefix.pch";
				OTHER_LDFLAGS = "-ObjC";
				PRODUCT_NAME = "Binding-Mac";
				SDKROOT = macosx;
				SKIP_INSTALL = YES;
			};
			name = Debug;
		};
		155141BE14164EF3007CA046 /* Release */ = {
			isa = XCBuildConfiguration;
			buildSettings = {
				ARCHS = "$(ARCHS_STANDARD_64_BIT)";
				DSTROOT = /tmp/Binding.dst;
				GCC_ENABLE_OBJC_GC = supported;
				GCC_PRECOMPILE_PREFIX_HEADER = YES;
				GCC_PREFIX_HEADER = "Binding/Binding-Prefix.pch";
				OTHER_LDFLAGS = "-ObjC";
				PRODUCT_NAME = "Binding-Mac";
				SDKROOT = macosx;
				SKIP_INSTALL = YES;
			};
			name = Release;
		};
		157B5FF41412B2E500756425 /* Debug */ = {
			isa = XCBuildConfiguration;
			buildSettings = {
				ALWAYS_SEARCH_USER_PATHS = NO;
				CLANG_ENABLE_OBJC_ARC = NO;
				COPY_PHASE_STRIP = NO;
				GCC_C_LANGUAGE_STANDARD = gnu99;
				GCC_DYNAMIC_NO_PIC = NO;
				GCC_OPTIMIZATION_LEVEL = 0;
				GCC_PREPROCESSOR_DEFINITIONS = (
					"DEBUG=1",
					"$(inherited)",
				);
				GCC_SYMBOLS_PRIVATE_EXTERN = NO;
				GCC_VERSION = com.apple.compilers.llvm.clang.1_0;
				GCC_WARN_ABOUT_MISSING_PROTOTYPES = YES;
				GCC_WARN_ABOUT_RETURN_TYPE = YES;
				GCC_WARN_UNUSED_VARIABLE = YES;
			};
			name = Debug;
		};
		157B5FF51412B2E500756425 /* Release */ = {
			isa = XCBuildConfiguration;
			buildSettings = {
				ALWAYS_SEARCH_USER_PATHS = NO;
				CLANG_ENABLE_OBJC_ARC = NO;
				COPY_PHASE_STRIP = YES;
				GCC_C_LANGUAGE_STANDARD = gnu99;
				GCC_VERSION = com.apple.compilers.llvm.clang.1_0;
				GCC_WARN_ABOUT_MISSING_PROTOTYPES = YES;
				GCC_WARN_ABOUT_RETURN_TYPE = YES;
				GCC_WARN_UNUSED_VARIABLE = YES;
				VALIDATE_PRODUCT = YES;
			};
			name = Release;
		};
		157B5FF71412B2E500756425 /* Debug */ = {
			isa = XCBuildConfiguration;
			buildSettings = {
				ARCHS = (
					armv7,
					armv6,
				);
				DSTROOT = /tmp/Binding.dst;
				GCC_PRECOMPILE_PREFIX_HEADER = YES;
				GCC_PREFIX_HEADER = "Binding/Binding-Prefix.pch";
				IPHONEOS_DEPLOYMENT_TARGET = 4.2;
				OTHER_LDFLAGS = "-ObjC";
				PRODUCT_NAME = "$(TARGET_NAME)";
				SDKROOT = iphoneos;
				SKIP_INSTALL = YES;
			};
			name = Debug;
		};
		157B5FF81412B2E500756425 /* Release */ = {
			isa = XCBuildConfiguration;
			buildSettings = {
				ARCHS = (
					armv7,
					armv6,
				);
				DSTROOT = /tmp/Binding.dst;
				GCC_PRECOMPILE_PREFIX_HEADER = YES;
				GCC_PREFIX_HEADER = "Binding/Binding-Prefix.pch";
				IPHONEOS_DEPLOYMENT_TARGET = 4.2;
				OTHER_LDFLAGS = "-ObjC";
				PRODUCT_NAME = "$(TARGET_NAME)";
				SDKROOT = iphoneos;
				SKIP_INSTALL = YES;
			};
			name = Release;
		};
/* End XCBuildConfiguration section */

/* Begin XCConfigurationList section */
		151265CA1413918A00396CFB /* Build configuration list for PBXNativeTarget "BindingTests" */ = {
			isa = XCConfigurationList;
			buildConfigurations = (
				151265C81413918A00396CFB /* Debug */,
				151265C91413918A00396CFB /* Release */,
			);
			defaultConfigurationIsVisible = 0;
			defaultConfigurationName = Release;
		};
		155141BC14164EF3007CA046 /* Build configuration list for PBXNativeTarget "Binding-Mac" */ = {
			isa = XCConfigurationList;
			buildConfigurations = (
				155141BD14164EF3007CA046 /* Debug */,
				155141BE14164EF3007CA046 /* Release */,
			);
			defaultConfigurationIsVisible = 0;
			defaultConfigurationName = Release;
		};
		157B5FE31412B2E500756425 /* Build configuration list for PBXProject "Binding" */ = {
			isa = XCConfigurationList;
			buildConfigurations = (
				157B5FF41412B2E500756425 /* Debug */,
				157B5FF51412B2E500756425 /* Release */,
			);
			defaultConfigurationIsVisible = 0;
			defaultConfigurationName = Release;
		};
		157B5FF61412B2E500756425 /* Build configuration list for PBXNativeTarget "Binding" */ = {
			isa = XCConfigurationList;
			buildConfigurations = (
				157B5FF71412B2E500756425 /* Debug */,
				157B5FF81412B2E500756425 /* Release */,
			);
			defaultConfigurationIsVisible = 0;
			defaultConfigurationName = Release;
		};
/* End XCConfigurationList section */
	};
	rootObject = 157B5FE01412B2E500756425 /* Project object */;
}
